{
  "name": "@triplett/revise",
  "version": "0.0.0",
  "lockfileVersion": 1,
  "requires": true,
  "dependencies": {
    "@triplett/stew": {
      "version": "2.3.0",
      "resolved": "https://registry.npmjs.org/@triplett/stew/-/stew-2.3.0.tgz",
      "integrity": "sha512-W2tuWz3bRqOxyxLRgt7WLCukuVTQgS9k0ReUm1P79rSVoRCpD7dUI3vT6RGunt9PoyrFGn2Q+1wsBLfCstPUvA=="
    },
    "@triplett/steward": {
      "version": "1.1.0",
      "resolved": "https://registry.npmjs.org/@triplett/steward/-/steward-1.1.0.tgz",
      "integrity": "sha512-7S52Fx3TE8oG48lpnSNGQivewNZxKrKiKeCZPYoL+9TfsbYntaPbM4QuqXCVyhQmB3eOr2dO600Kc8AfXBO/rw=="
    }
  }
}
